<?xml version="1.0" encoding="UTF-8" standalone="yes" ?>
<CodeBlocks_project_file>
	<FileVersion major="1" minor="6" />
	<Project>
		<Option title="Gw2Browser" />
		<Option compiler="gcc" />
		<Build>
			<Target title="Debug">
				<Option output="../bin/Gw2Browserd" prefix_auto="1" extension_auto="1" />
				<Option working_dir="../bin/" />
				<Option object_output="../obj/Debug/" />
				<Option type="0" />
				<Option compiler="gcc" />
				<Option parameters="Gw2.dat" />
				<Compiler>
					<Add option="-g" />
					<Add option="-fopenmp" />
					<Add option="-Wno-deprecated-declarations" />
					<Add option="-Wno-switch" />
					<Add option="-D__WXDEBUG__" />
					<Add option="-DGLEW_STATIC" />
					<Add directory="../extern/glm" />
					<Add directory="../extern/gw2dattools/include" />
					<Add directory="../extern/gw2formats/include" />
					<Add directory="../src" />
				</Compiler>
				<Linker>
					<Add library="libgomp.a" />
					<Add library="libGL.a" />
					<Add library="libGLEW.a" />
					<Add library="libopenal.a" />
					<Add library="libmpg123.a" />
					<Add library="libvorbisfile.a" />
					<Add library="libvorbis.a" />
					<Add library="libogg.a" />
					<Add library="libgw2dattools.a" />
					<Add library="libgw2formats.a" />
					<Add library="libwebp.a" />
					<Add directory="../extern/gw2dattools/lib/Debug" />
					<Add directory="../extern/gw2formats/lib/Debug" />
				</Linker>
			</Target>
			<Target title="Release">
				<Option output="../bin/Gw2Browser" prefix_auto="1" extension_auto="1" />
				<Option working_dir="../bin/" />
				<Option object_output="../obj/Release/" />
				<Option type="0" />
				<Option compiler="gcc" />
				<Option parameters="Gw2.dat" />
				<Compiler>
					<Add option="-O2" />
					<Add option="-fopenmp" />
					<Add option="-Wno-deprecated-declarations" />
					<Add option="-Wno-switch" />
					<Add option="-DGLEW_STATIC" />
					<Add directory="../extern/glm" />
					<Add directory="../extern/gw2dattools/include" />
					<Add directory="../extern/gw2formats/include" />
					<Add directory="../src" />
				</Compiler>
				<Linker>
					<Add option="-s" />
					<Add library="libgomp.a" />
					<Add library="libGL.a" />
					<Add library="libGLEW.a" />
					<Add library="libopenal.a" />
					<Add library="libmpg123.a" />
					<Add library="libvorbisfile.a" />
					<Add library="libvorbis.a" />
					<Add library="libogg.a" />
					<Add library="libgw2dattools.a" />
					<Add library="libgw2formats.a" />
					<Add library="libwebp.a" />
					<Add directory="../extern/gw2dattools/lib/Release" />
					<Add directory="../extern/gw2formats/lib/Release" />
				</Linker>
			</Target>
		</Build>
		<Compiler>
			<Add option="`wx-config --cflags`" />
			<Add option="`freetype-config --cflags`" />
			<Add option="-Winvalid-pch" />
			<Add option="-include wx_pch.h" />
			<Add option="-DWX_PRECOMP" />
			<Add option="-Wall" />
		</Compiler>
		<Linker>
			<Add option="`wx-config --libs gl,aui,adv,core,base`" />
			<Add option="`freetype-config --libs`" />
		</Linker>
		<Unit filename="../CHANGE.md" />
		<Unit filename="../COPYING.txt" />
		<Unit filename="../README.md" />
		<Unit filename="../TODO.md" />
		<Unit filename="../data/shaders/light_box.frag" />
		<Unit filename="../data/shaders/light_box.vert" />
		<Unit filename="../data/shaders/normal_visualizer.frag" />
		<Unit filename="../data/shaders/normal_visualizer.geom" />
		<Unit filename="../data/shaders/normal_visualizer.vert" />
		<Unit filename="../data/shaders/shader.frag" />
		<Unit filename="../data/shaders/shader.vert" />
		<Unit filename="../data/shaders/text.frag" />
		<Unit filename="../data/shaders/text.vert" />
		<Unit filename="../data/shaders/z_visualizer.frag" />
		<Unit filename="../data/shaders/z_visualizer.vert" />
		<Unit filename="../src/ANetStructs.h" />
		<Unit filename="../src/BrowserWindow.cpp" />
		<Unit filename="../src/BrowserWindow.h" />
		<Unit filename="../src/CategoryTree.cpp" />
		<Unit filename="../src/CategoryTree.h" />
		<Unit filename="../src/DatFile.cpp" />
		<Unit filename="../src/DatFile.h" />
		<Unit filename="../src/DatIndex.cpp" />
		<Unit filename="../src/DatIndex.h" />
		<Unit filename="../src/DatIndexIO.cpp" />
		<Unit filename="../src/DatIndexIO.h" />
		<Unit filename="../src/Data.cpp" />
		<Unit filename="../src/Data.h" />
		<Unit filename="../src/Documentation/Namespaces.h" />
		<Unit filename="../src/EventId.h" />
		<Unit filename="../src/Exception.cpp" />
		<Unit filename="../src/Exception.h" />
		<Unit filename="../src/Exporter.cpp" />
		<Unit filename="../src/Exporter.h" />
		<Unit filename="../src/FileReader.cpp" />
		<Unit filename="../src/FileReader.h" />
		<Unit filename="../src/Gw2Browser.cpp" />
		<Unit filename="../src/Gw2Browser.h" />
		<Unit filename="../src/Identifiers/BaseIdentifier.h" />
		<Unit filename="../src/Imported/crc.cpp" />
		<Unit filename="../src/Imported/crc.h" />
		<Unit filename="../src/Imported/half.cpp" />
		<Unit filename="../src/Imported/half.h" />
		<Unit filename="../src/Imported/half.inl" />
		<Unit filename="../src/PackFile.cpp" />
		<Unit filename="../src/PackFile.h" />
		<Unit filename="../src/PreviewGLCanvas.cpp" />
		<Unit filename="../src/PreviewGLCanvas.h" />
		<Unit filename="../src/PreviewPanel.cpp" />
		<Unit filename="../src/PreviewPanel.h" />
		<Unit filename="../src/ProgressStatusBar.cpp" />
		<Unit filename="../src/ProgressStatusBar.h" />
		<Unit filename="../src/Readers/EulaReader.cpp" />
		<Unit filename="../src/Readers/EulaReader.h" />
		<Unit filename="../src/Readers/ImageReader.cpp" />
		<Unit filename="../src/Readers/ImageReader.h" />
		<Unit filename="../src/Readers/MapReader.cpp" />
		<Unit filename="../src/Readers/MapReader.h" />
		<Unit filename="../src/Readers/ModelReader.cpp" />
		<Unit filename="../src/Readers/ModelReader.h" />
		<Unit filename="../src/Readers/PackedSoundReader.cpp" />
		<Unit filename="../src/Readers/PackedSoundReader.h" />
		<Unit filename="../src/Readers/SoundBankReader.cpp" />
		<Unit filename="../src/Readers/SoundBankReader.h" />
		<Unit filename="../src/Readers/StringReader.cpp" />
		<Unit filename="../src/Readers/StringReader.h" />
		<Unit filename="../src/Readers/TextReader.cpp" />
		<Unit filename="../src/Readers/TextReader.h" />
		<Unit filename="../src/Readers/asndMP3Reader.cpp" />
		<Unit filename="../src/Readers/asndMP3Reader.h" />
		<Unit filename="../src/Task.cpp" />
		<Unit filename="../src/Task.h" />
		<Unit filename="../src/Tasks/ReadIndexTask.cpp" />
		<Unit filename="../src/Tasks/ReadIndexTask.h" />
		<Unit filename="../src/Tasks/ScanDatTask.cpp" />
		<Unit filename="../src/Tasks/ScanDatTask.h" />
		<Unit filename="../src/Tasks/WriteIndexTask.cpp" />
		<Unit filename="../src/Tasks/WriteIndexTask.h" />
		<Unit filename="../src/Util/Array.h" />
		<Unit filename="../src/Util/Ensure.h" />
		<Unit filename="../src/Util/Misc.cpp" />
		<Unit filename="../src/Util/Misc.h" />
		<Unit filename="../src/Viewer.cpp" />
		<Unit filename="../src/Viewer.h" />
		<Unit filename="../src/Viewers/BinaryViewer/BinaryViewer.cpp" />
		<Unit filename="../src/Viewers/BinaryViewer/BinaryViewer.h" />
		<Unit filename="../src/Viewers/BinaryViewer/HexControl.cpp" />
		<Unit filename="../src/Viewers/BinaryViewer/HexControl.h" />
		<Unit filename="../src/Viewers/ImageViewer/ImageControl.cpp" />
		<Unit filename="../src/Viewers/ImageViewer/ImageControl.h" />
		<Unit filename="../src/Viewers/ImageViewer/ImageViewer.cpp" />
		<Unit filename="../src/Viewers/ImageViewer/ImageViewer.h" />
		<Unit filename="../src/Viewers/ModelViewer/Camera.cpp" />
		<Unit filename="../src/Viewers/ModelViewer/Camera.h" />
		<Unit filename="../src/Viewers/ModelViewer/FrameBuffer.cpp" />
		<Unit filename="../src/Viewers/ModelViewer/FrameBuffer.h" />
		<Unit filename="../src/Viewers/ModelViewer/Light.cpp" />
		<Unit filename="../src/Viewers/ModelViewer/Light.h" />
		<Unit filename="../src/Viewers/ModelViewer/LightBox.cpp" />
		<Unit filename="../src/Viewers/ModelViewer/LightBox.h" />
		<Unit filename="../src/Viewers/ModelViewer/Model.cpp" />
		<Unit filename="../src/Viewers/ModelViewer/Model.h" />
		<Unit filename="../src/Viewers/ModelViewer/ModelViewer.cpp" />
		<Unit filename="../src/Viewers/ModelViewer/ModelViewer.h" />
		<Unit filename="../src/Viewers/ModelViewer/Shader.cpp" />
		<Unit filename="../src/Viewers/ModelViewer/Shader.h" />
		<Unit filename="../src/Viewers/ModelViewer/ShaderManager.cpp" />
		<Unit filename="../src/Viewers/ModelViewer/ShaderManager.h" />
		<Unit filename="../src/Viewers/ModelViewer/Text2D.cpp" />
		<Unit filename="../src/Viewers/ModelViewer/Text2D.h" />
		<Unit filename="../src/Viewers/ModelViewer/Texture2D.cpp" />
		<Unit filename="../src/Viewers/ModelViewer/Texture2D.h" />
		<Unit filename="../src/Viewers/ModelViewer/TextureManager.cpp" />
		<Unit filename="../src/Viewers/ModelViewer/TextureManager.h" />
		<Unit filename="../src/Viewers/SoundPlayer/OggCallback.cpp" />
		<Unit filename="../src/Viewers/SoundPlayer/OggCallback.h" />
		<Unit filename="../src/Viewers/SoundPlayer/SoundDecoder.cpp" />
		<Unit filename="../src/Viewers/SoundPlayer/SoundDecoder.h" />
		<Unit filename="../src/Viewers/SoundPlayer/SoundPlayer.cpp" />
		<Unit filename="../src/Viewers/SoundPlayer/SoundPlayer.h" />
		<Unit filename="../src/Viewers/StringViewer/StringViewer.cpp" />
		<Unit filename="../src/Viewers/StringViewer/StringViewer.h" />
		<Unit filename="../src/Viewers/TextViewer/TextViewer.cpp" />
		<Unit filename="../src/Viewers/TextViewer/TextViewer.h" />
		<Unit filename="../src/resource.h" />
		<Unit filename="../src/version.h" />
		<Unit filename="../src/wx_pch.h">
			<Option compile="1" />
			<Option weight="0" />
		</Unit>
		<Extensions>
			<code_completion />
			<envvars />
			<debugger />
		</Extensions>
	</Project>
</CodeBlocks_project_file>
