
Microsoft Visual Studio Solution File, Format Version 12.00
# Visual Studio Version 17
VisualStudioVersion = 17.7.34221.43
MinimumVisualStudioVersion = 10.0.40219.1
Project("{8BC9CEB8-8B4A-11D0-8D11-00A0C91BC942}") = "Gw2Browser", "Gw2Browser.vcxproj", "{CB536AF9-593F-47E9-B5F9-6DF09ED3BED2}"
	ProjectSection(ProjectDependencies) = postProject
		{3A214E06-B95E-4D61-A291-1F8DF2EC10FD} = {3A214E06-B95E-4D61-A291-1F8DF2EC10FD}
		{664E6F0D-6784-4760-9565-D54F8EB1EDF4} = {664E6F0D-6784-4760-9565-D54F8EB1EDF4}
		{C59C7548-51B5-496B-9B74-BE454AA4C8A2} = {C59C7548-51B5-496B-9B74-BE454AA4C8A2}
		{81D81E5A-8FEC-4F92-B661-69D6B4C9DC8D} = {81D81E5A-8FEC-4F92-B661-69D6B4C9DC8D}
		{CEBDE98B-A6AA-46E6-BC79-FAAF823DB9EC} = {CEBDE98B-A6AA-46E6-BC79-FAAF823DB9EC}
		{15CBFEFF-7965-41F5-B4E2-21E8795C9159} = {15CBFEFF-7965-41F5-B4E2-21E8795C9159}
	EndProjectSection
EndProject
Project("{8BC9CEB8-8B4A-11D0-8D11-00A0C91BC942}") = "gw2dattools", "..\extern\gw2dattools\prj\gw2dattools.vcxproj", "{81D81E5A-8FEC-4F92-B661-69D6B4C9DC8D}"
EndProject
Project("{8BC9CEB8-8B4A-11D0-8D11-00A0C91BC942}") = "gw2formats", "..\extern\gw2formats\prj\gw2formats.vcxproj", "{C59C7548-51B5-496B-9B74-BE454AA4C8A2}"
EndProject
Project("{8BC9CEB8-8B4A-11D0-8D11-00A0C91BC942}") = "glew_static", "..\extern\glew\build\vc17\glew_static.vcxproj", "{664E6F0D-6784-4760-9565-D54F8EB1EDF4}"
EndProject
Project("{8BC9CEB8-8B4A-11D0-8D11-00A0C91BC942}") = "libogg_static", "..\extern\libogg\win32\VS2022\libogg_static.vcxproj", "{15CBFEFF-7965-41F5-B4E2-21E8795C9159}"
EndProject
Project("{8BC9CEB8-8B4A-11D0-8D11-00A0C91BC942}") = "libvorbis_static", "..\extern\libvorbis\win32\VS2022\libvorbis\libvorbis_static.vcxproj", "{3A214E06-B95E-4D61-A291-1F8DF2EC10FD}"
EndProject
Project("{8BC9CEB8-8B4A-11D0-8D11-00A0C91BC942}") = "libvorbisfile", "..\extern\libvorbis\win32\VS2022\libvorbisfile\libvorbisfile_static.vcxproj", "{CEBDE98B-A6AA-46E6-BC79-FAAF823DB9EC}"
EndProject
Global
	GlobalSection(SolutionConfigurationPlatforms) = preSolution
		Debug|Win32 = Debug|Win32
		Debug|x64 = Debug|x64
		Release|Win32 = Release|Win32
		Release|x64 = Release|x64
	EndGlobalSection
	GlobalSection(ProjectConfigurationPlatforms) = postSolution
		{CB536AF9-593F-47E9-B5F9-6DF09ED3BED2}.Debug|Win32.ActiveCfg = Debug|Win32
		{CB536AF9-593F-47E9-B5F9-6DF09ED3BED2}.Debug|Win32.Build.0 = Debug|Win32
		{CB536AF9-593F-47E9-B5F9-6DF09ED3BED2}.Debug|x64.ActiveCfg = Debug|x64
		{CB536AF9-593F-47E9-B5F9-6DF09ED3BED2}.Debug|x64.Build.0 = Debug|x64
		{CB536AF9-593F-47E9-B5F9-6DF09ED3BED2}.Release|Win32.ActiveCfg = Release|Win32
		{CB536AF9-593F-47E9-B5F9-6DF09ED3BED2}.Release|Win32.Build.0 = Release|Win32
		{CB536AF9-593F-47E9-B5F9-6DF09ED3BED2}.Release|x64.ActiveCfg = Release|x64
		{CB536AF9-593F-47E9-B5F9-6DF09ED3BED2}.Release|x64.Build.0 = Release|x64
		{81D81E5A-8FEC-4F92-B661-69D6B4C9DC8D}.Debug|Win32.ActiveCfg = Debug|Win32
		{81D81E5A-8FEC-4F92-B661-69D6B4C9DC8D}.Debug|Win32.Build.0 = Debug|Win32
		{81D81E5A-8FEC-4F92-B661-69D6B4C9DC8D}.Debug|x64.ActiveCfg = Debug|x64
		{81D81E5A-8FEC-4F92-B661-69D6B4C9DC8D}.Debug|x64.Build.0 = Debug|x64
		{81D81E5A-8FEC-4F92-B661-69D6B4C9DC8D}.Release|Win32.ActiveCfg = Release|Win32
		{81D81E5A-8FEC-4F92-B661-69D6B4C9DC8D}.Release|Win32.Build.0 = Release|Win32
		{81D81E5A-8FEC-4F92-B661-69D6B4C9DC8D}.Release|x64.ActiveCfg = Release|x64
		{81D81E5A-8FEC-4F92-B661-69D6B4C9DC8D}.Release|x64.Build.0 = Release|x64
		{C59C7548-51B5-496B-9B74-BE454AA4C8A2}.Debug|Win32.ActiveCfg = Debug|Win32
		{C59C7548-51B5-496B-9B74-BE454AA4C8A2}.Debug|Win32.Build.0 = Debug|Win32
		{C59C7548-51B5-496B-9B74-BE454AA4C8A2}.Debug|x64.ActiveCfg = Debug|x64
		{C59C7548-51B5-496B-9B74-BE454AA4C8A2}.Debug|x64.Build.0 = Debug|x64
		{C59C7548-51B5-496B-9B74-BE454AA4C8A2}.Release|Win32.ActiveCfg = Release|Win32
		{C59C7548-51B5-496B-9B74-BE454AA4C8A2}.Release|Win32.Build.0 = Release|Win32
		{C59C7548-51B5-496B-9B74-BE454AA4C8A2}.Release|x64.ActiveCfg = Release|x64
		{C59C7548-51B5-496B-9B74-BE454AA4C8A2}.Release|x64.Build.0 = Release|x64
		{664E6F0D-6784-4760-9565-D54F8EB1EDF4}.Debug|Win32.ActiveCfg = Debug|Win32
		{664E6F0D-6784-4760-9565-D54F8EB1EDF4}.Debug|Win32.Build.0 = Debug|Win32
		{664E6F0D-6784-4760-9565-D54F8EB1EDF4}.Debug|x64.ActiveCfg = Debug|x64
		{664E6F0D-6784-4760-9565-D54F8EB1EDF4}.Debug|x64.Build.0 = Debug|x64
		{664E6F0D-6784-4760-9565-D54F8EB1EDF4}.Release|Win32.ActiveCfg = Release|Win32
		{664E6F0D-6784-4760-9565-D54F8EB1EDF4}.Release|Win32.Build.0 = Release|Win32
		{664E6F0D-6784-4760-9565-D54F8EB1EDF4}.Release|x64.ActiveCfg = Release|x64
		{664E6F0D-6784-4760-9565-D54F8EB1EDF4}.Release|x64.Build.0 = Release|x64
		{15CBFEFF-7965-41F5-B4E2-21E8795C9159}.Debug|Win32.ActiveCfg = Debug|Win32
		{15CBFEFF-7965-41F5-B4E2-21E8795C9159}.Debug|Win32.Build.0 = Debug|Win32
		{15CBFEFF-7965-41F5-B4E2-21E8795C9159}.Debug|x64.ActiveCfg = Debug|x64
		{15CBFEFF-7965-41F5-B4E2-21E8795C9159}.Debug|x64.Build.0 = Debug|x64
		{15CBFEFF-7965-41F5-B4E2-21E8795C9159}.Release|Win32.ActiveCfg = Release|Win32
		{15CBFEFF-7965-41F5-B4E2-21E8795C9159}.Release|Win32.Build.0 = Release|Win32
		{15CBFEFF-7965-41F5-B4E2-21E8795C9159}.Release|x64.ActiveCfg = Release|x64
		{15CBFEFF-7965-41F5-B4E2-21E8795C9159}.Release|x64.Build.0 = Release|x64
		{3A214E06-B95E-4D61-A291-1F8DF2EC10FD}.Debug|Win32.ActiveCfg = Debug|Win32
		{3A214E06-B95E-4D61-A291-1F8DF2EC10FD}.Debug|Win32.Build.0 = Debug|Win32
		{3A214E06-B95E-4D61-A291-1F8DF2EC10FD}.Debug|x64.ActiveCfg = Debug|x64
		{3A214E06-B95E-4D61-A291-1F8DF2EC10FD}.Debug|x64.Build.0 = Debug|x64
		{3A214E06-B95E-4D61-A291-1F8DF2EC10FD}.Release|Win32.ActiveCfg = Release|Win32
		{3A214E06-B95E-4D61-A291-1F8DF2EC10FD}.Release|Win32.Build.0 = Release|Win32
		{3A214E06-B95E-4D61-A291-1F8DF2EC10FD}.Release|x64.ActiveCfg = Release|x64
		{3A214E06-B95E-4D61-A291-1F8DF2EC10FD}.Release|x64.Build.0 = Release|x64
		{CEBDE98B-A6AA-46E6-BC79-FAAF823DB9EC}.Debug|Win32.ActiveCfg = Debug|Win32
		{CEBDE98B-A6AA-46E6-BC79-FAAF823DB9EC}.Debug|Win32.Build.0 = Debug|Win32
		{CEBDE98B-A6AA-46E6-BC79-FAAF823DB9EC}.Debug|x64.ActiveCfg = Debug|x64
		{CEBDE98B-A6AA-46E6-BC79-FAAF823DB9EC}.Debug|x64.Build.0 = Debug|x64
		{CEBDE98B-A6AA-46E6-BC79-FAAF823DB9EC}.Release|Win32.ActiveCfg = Release|Win32
		{CEBDE98B-A6AA-46E6-BC79-FAAF823DB9EC}.Release|Win32.Build.0 = Release|Win32
		{CEBDE98B-A6AA-46E6-BC79-FAAF823DB9EC}.Release|x64.ActiveCfg = Release|x64
		{CEBDE98B-A6AA-46E6-BC79-FAAF823DB9EC}.Release|x64.Build.0 = Release|x64
	EndGlobalSection
	GlobalSection(SolutionProperties) = preSolution
		HideSolutionNode = FALSE
	EndGlobalSection
	GlobalSection(ExtensibilityGlobals) = postSolution
		SolutionGuid = {4F5714B1-E8A7-4752-9D2C-27D20F29D3F3}
	EndGlobalSection
EndGlobal
